
Microsoft Visual Studio Solution File, Format Version 12.00
# Visual Studio Version 16
VisualStudioVersion = 16.0.29728.190
MinimumVisualStudioVersion = 10.0.40219.1
Project("{FAE04EC0-301F-11D3-BF4B-00C04F79EFBC}") = "PizzeriaGestionDePedidos", "PizzeriaGestionDePedidos\PizzeriaGestionDePedidos.csproj", "{7FC90B94-F167-473B-A06C-5D849DA54E68}"
EndProject
Global
	GlobalSection(SolutionConfigurationPlatforms) = preSolution
		Debug|Any CPU = Debug|Any CPU
		Release|Any CPU = Release|Any CPU
	EndGlobalSection
	GlobalSection(ProjectConfigurationPlatforms) = postSolution
		{7FC90B94-F167-473B-A06C-5D849DA54E68}.Debug|Any CPU.ActiveCfg = Debug|Any CPU
		{7FC90B94-F167-473B-A06C-5D849DA54E68}.Debug|Any CPU.Build.0 = Debug|Any CPU
		{7FC90B94-F167-473B-A06C-5D849DA54E68}.Release|Any CPU.ActiveCfg = Release|Any CPU
		{7FC90B94-F167-473B-A06C-5D849DA54E68}.Release|Any CPU.Build.0 = Release|Any CPU
	EndGlobalSection
	GlobalSection(SolutionProperties) = preSolution
		HideSolutionNode = FALSE
	EndGlobalSection
	GlobalSection(ExtensibilityGlobals) = postSolution
		SolutionGuid = {BB9E1C18-083E-4400-9D51-8148C999BE74}
	EndGlobalSection
EndGlobal
